
Microsoft Visual Studio Solution File, Format Version 12.00
# Visual Studio Version 17
VisualStudioVersion = 17.2.32519.379
MinimumVisualStudioVersion = 10.0.40219.1
Project("{8BC9CEB8-8B4A-11D0-8D11-00A0C91BC942}") = "Primer_Proyecto", "Primer_Proyecto\Primer_Proyecto.vcxproj", "{A6836A0C-347C-4C5B-A99A-785E9C37FE0E}"
EndProject
Project("{8BC9CEB8-8B4A-11D0-8D11-00A0C91BC942}") = "Primer programa en OpenGL", "Primer programa en OpenGL\Primer programa en OpenGL.vcxproj", "{8307D4A1-4097-4CA2-AFCF-44C6C3A06F7E}"
EndProject
Project("{8BC9CEB8-8B4A-11D0-8D11-00A0C91BC942}") = "P2_Geometria", "Seminario 1\Seminario 1.vcxproj", "{9BE932A1-44E4-4D83-A494-933A1BFB8EC7}"
EndProject
Project("{8BC9CEB8-8B4A-11D0-8D11-00A0C91BC942}") = "P3_Transformaciones", "P3_Transformaciones\P3_Transformaciones.vcxproj", "{05786B72-522C-4D00-99F2-21C27FC5C401}"
EndProject
Project("{8BC9CEB8-8B4A-11D0-8D11-00A0C91BC942}") = "P4_Camara", "P4_Camara\P4_Camara.vcxproj", "{D6500D77-5184-42CC-9931-D0ACBC66EE76}"
EndProject
Project("{8BC9CEB8-8B4A-11D0-8D11-00A0C91BC942}") = "rotateBanana", "rotateBanana\rotateBanana.vcxproj", "{7AF5863F-D9CB-43FC-A1F0-965131E0BF51}"
EndProject
Project("{8BC9CEB8-8B4A-11D0-8D11-00A0C91BC942}") = "P5_Animacion", "P5_Animacion\P5_Animacion.vcxproj", "{FE34FEAE-448B-4812-A958-C16C470264C8}"
EndProject
Project("{8BC9CEB8-8B4A-11D0-8D11-00A0C91BC942}") = "P6_Interacciones", "P6_Interacciones\P6_Interacciones.vcxproj", "{FCDBAC64-A750-407D-8968-9C82F199D553}"
EndProject
Project("{8BC9CEB8-8B4A-11D0-8D11-00A0C91BC942}") = "PruebasIluminacion", "PruebasIluminacion\PruebasIluminacion.vcxproj", "{AA6E0277-EE9B-4FC5-965F-A7AFD2E53283}"
EndProject
Global
	GlobalSection(SolutionConfigurationPlatforms) = preSolution
		Debug|x64 = Debug|x64
		Debug|x86 = Debug|x86
		Release|x64 = Release|x64
		Release|x86 = Release|x86
	EndGlobalSection
	GlobalSection(ProjectConfigurationPlatforms) = postSolution
		{A6836A0C-347C-4C5B-A99A-785E9C37FE0E}.Debug|x64.ActiveCfg = Debug|x64
		{A6836A0C-347C-4C5B-A99A-785E9C37FE0E}.Debug|x64.Build.0 = Debug|x64
		{A6836A0C-347C-4C5B-A99A-785E9C37FE0E}.Debug|x86.ActiveCfg = Debug|Win32
		{A6836A0C-347C-4C5B-A99A-785E9C37FE0E}.Debug|x86.Build.0 = Debug|Win32
		{A6836A0C-347C-4C5B-A99A-785E9C37FE0E}.Release|x64.ActiveCfg = Release|x64
		{A6836A0C-347C-4C5B-A99A-785E9C37FE0E}.Release|x64.Build.0 = Release|x64
		{A6836A0C-347C-4C5B-A99A-785E9C37FE0E}.Release|x86.ActiveCfg = Release|Win32
		{A6836A0C-347C-4C5B-A99A-785E9C37FE0E}.Release|x86.Build.0 = Release|Win32
		{8307D4A1-4097-4CA2-AFCF-44C6C3A06F7E}.Debug|x64.ActiveCfg = Debug|x64
		{8307D4A1-4097-4CA2-AFCF-44C6C3A06F7E}.Debug|x64.Build.0 = Debug|x64
		{8307D4A1-4097-4CA2-AFCF-44C6C3A06F7E}.Debug|x86.ActiveCfg = Debug|Win32
		{8307D4A1-4097-4CA2-AFCF-44C6C3A06F7E}.Debug|x86.Build.0 = Debug|Win32
		{8307D4A1-4097-4CA2-AFCF-44C6C3A06F7E}.Release|x64.ActiveCfg = Release|x64
		{8307D4A1-4097-4CA2-AFCF-44C6C3A06F7E}.Release|x64.Build.0 = Release|x64
		{8307D4A1-4097-4CA2-AFCF-44C6C3A06F7E}.Release|x86.ActiveCfg = Release|Win32
		{8307D4A1-4097-4CA2-AFCF-44C6C3A06F7E}.Release|x86.Build.0 = Release|Win32
		{9BE932A1-44E4-4D83-A494-933A1BFB8EC7}.Debug|x64.ActiveCfg = Debug|x64
		{9BE932A1-44E4-4D83-A494-933A1BFB8EC7}.Debug|x64.Build.0 = Debug|x64
		{9BE932A1-44E4-4D83-A494-933A1BFB8EC7}.Debug|x86.ActiveCfg = Debug|Win32
		{9BE932A1-44E4-4D83-A494-933A1BFB8EC7}.Debug|x86.Build.0 = Debug|Win32
		{9BE932A1-44E4-4D83-A494-933A1BFB8EC7}.Release|x64.ActiveCfg = Release|x64
		{9BE932A1-44E4-4D83-A494-933A1BFB8EC7}.Release|x64.Build.0 = Release|x64
		{9BE932A1-44E4-4D83-A494-933A1BFB8EC7}.Release|x86.ActiveCfg = Release|Win32
		{9BE932A1-44E4-4D83-A494-933A1BFB8EC7}.Release|x86.Build.0 = Release|Win32
		{05786B72-522C-4D00-99F2-21C27FC5C401}.Debug|x64.ActiveCfg = Debug|x64
		{05786B72-522C-4D00-99F2-21C27FC5C401}.Debug|x64.Build.0 = Debug|x64
		{05786B72-522C-4D00-99F2-21C27FC5C401}.Debug|x86.ActiveCfg = Debug|Win32
		{05786B72-522C-4D00-99F2-21C27FC5C401}.Debug|x86.Build.0 = Debug|Win32
		{05786B72-522C-4D00-99F2-21C27FC5C401}.Release|x64.ActiveCfg = Release|x64
		{05786B72-522C-4D00-99F2-21C27FC5C401}.Release|x64.Build.0 = Release|x64
		{05786B72-522C-4D00-99F2-21C27FC5C401}.Release|x86.ActiveCfg = Release|Win32
		{05786B72-522C-4D00-99F2-21C27FC5C401}.Release|x86.Build.0 = Release|Win32
		{D6500D77-5184-42CC-9931-D0ACBC66EE76}.Debug|x64.ActiveCfg = Debug|x64
		{D6500D77-5184-42CC-9931-D0ACBC66EE76}.Debug|x64.Build.0 = Debug|x64
		{D6500D77-5184-42CC-9931-D0ACBC66EE76}.Debug|x86.ActiveCfg = Debug|Win32
		{D6500D77-5184-42CC-9931-D0ACBC66EE76}.Debug|x86.Build.0 = Debug|Win32
		{D6500D77-5184-42CC-9931-D0ACBC66EE76}.Release|x64.ActiveCfg = Release|x64
		{D6500D77-5184-42CC-9931-D0ACBC66EE76}.Release|x64.Build.0 = Release|x64
		{D6500D77-5184-42CC-9931-D0ACBC66EE76}.Release|x86.ActiveCfg = Release|Win32
		{D6500D77-5184-42CC-9931-D0ACBC66EE76}.Release|x86.Build.0 = Release|Win32
		{7AF5863F-D9CB-43FC-A1F0-965131E0BF51}.Debug|x64.ActiveCfg = Debug|x64
		{7AF5863F-D9CB-43FC-A1F0-965131E0BF51}.Debug|x64.Build.0 = Debug|x64
		{7AF5863F-D9CB-43FC-A1F0-965131E0BF51}.Debug|x86.ActiveCfg = Debug|Win32
		{7AF5863F-D9CB-43FC-A1F0-965131E0BF51}.Debug|x86.Build.0 = Debug|Win32
		{7AF5863F-D9CB-43FC-A1F0-965131E0BF51}.Release|x64.ActiveCfg = Release|x64
		{7AF5863F-D9CB-43FC-A1F0-965131E0BF51}.Release|x64.Build.0 = Release|x64
		{7AF5863F-D9CB-43FC-A1F0-965131E0BF51}.Release|x86.ActiveCfg = Release|Win32
		{7AF5863F-D9CB-43FC-A1F0-965131E0BF51}.Release|x86.Build.0 = Release|Win32
		{FE34FEAE-448B-4812-A958-C16C470264C8}.Debug|x64.ActiveCfg = Debug|x64
		{FE34FEAE-448B-4812-A958-C16C470264C8}.Debug|x64.Build.0 = Debug|x64
		{FE34FEAE-448B-4812-A958-C16C470264C8}.Debug|x86.ActiveCfg = Debug|Win32
		{FE34FEAE-448B-4812-A958-C16C470264C8}.Debug|x86.Build.0 = Debug|Win32
		{FE34FEAE-448B-4812-A958-C16C470264C8}.Release|x64.ActiveCfg = Release|x64
		{FE34FEAE-448B-4812-A958-C16C470264C8}.Release|x64.Build.0 = Release|x64
		{FE34FEAE-448B-4812-A958-C16C470264C8}.Release|x86.ActiveCfg = Release|Win32
		{FE34FEAE-448B-4812-A958-C16C470264C8}.Release|x86.Build.0 = Release|Win32
		{FCDBAC64-A750-407D-8968-9C82F199D553}.Debug|x64.ActiveCfg = Debug|x64
		{FCDBAC64-A750-407D-8968-9C82F199D553}.Debug|x64.Build.0 = Debug|x64
		{FCDBAC64-A750-407D-8968-9C82F199D553}.Debug|x86.ActiveCfg = Debug|Win32
		{FCDBAC64-A750-407D-8968-9C82F199D553}.Debug|x86.Build.0 = Debug|Win32
		{FCDBAC64-A750-407D-8968-9C82F199D553}.Release|x64.ActiveCfg = Release|x64
		{FCDBAC64-A750-407D-8968-9C82F199D553}.Release|x64.Build.0 = Release|x64
		{FCDBAC64-A750-407D-8968-9C82F199D553}.Release|x86.ActiveCfg = Release|Win32
		{FCDBAC64-A750-407D-8968-9C82F199D553}.Release|x86.Build.0 = Release|Win32
		{AA6E0277-EE9B-4FC5-965F-A7AFD2E53283}.Debug|x64.ActiveCfg = Debug|x64
		{AA6E0277-EE9B-4FC5-965F-A7AFD2E53283}.Debug|x64.Build.0 = Debug|x64
		{AA6E0277-EE9B-4FC5-965F-A7AFD2E53283}.Debug|x86.ActiveCfg = Debug|Win32
		{AA6E0277-EE9B-4FC5-965F-A7AFD2E53283}.Debug|x86.Build.0 = Debug|Win32
		{AA6E0277-EE9B-4FC5-965F-A7AFD2E53283}.Release|x64.ActiveCfg = Release|x64
		{AA6E0277-EE9B-4FC5-965F-A7AFD2E53283}.Release|x64.Build.0 = Release|x64
		{AA6E0277-EE9B-4FC5-965F-A7AFD2E53283}.Release|x86.ActiveCfg = Release|Win32
		{AA6E0277-EE9B-4FC5-965F-A7AFD2E53283}.Release|x86.Build.0 = Release|Win32
	EndGlobalSection
	GlobalSection(SolutionProperties) = preSolution
		HideSolutionNode = FALSE
	EndGlobalSection
	GlobalSection(ExtensibilityGlobals) = postSolution
		SolutionGuid = {CB208241-3B31-4545-B148-E54FAB0DF3C8}
	EndGlobalSection
EndGlobal
